// !$*UTF8*$!
{
	archiveVersion = 1;
	classes = {
	};
	objectVersion = 55;
	objects = {

/* Begin PBXBuildFile section */
		CA06EF2A28D86B1800F58406 /* CurrentWeatherList.swift in Sources */ = {isa = PBXBuildFile; fileRef = CA06EF2928D86B1800F58406 /* CurrentWeatherList.swift */; };
		CA06EF4B28D9C70500F58406 /* WeatherDay.swift in Sources */ = {isa = PBXBuildFile; fileRef = CA06EF4A28D9C70500F58406 /* WeatherDay.swift */; };
		CA30590828A3D5DF003946DD /* myWeatherApp.swift in Sources */ = {isa = PBXBuildFile; fileRef = CA30590728A3D5DF003946DD /* myWeatherApp.swift */; };
		CA30590C28A3D5E6003946DD /* Assets.xcassets in Resources */ = {isa = PBXBuildFile; fileRef = CA30590B28A3D5E6003946DD /* Assets.xcassets */; };
		CA30590F28A3D5E6003946DD /* Preview Assets.xcassets in Resources */ = {isa = PBXBuildFile; fileRef = CA30590E28A3D5E6003946DD /* Preview Assets.xcassets */; };
		CA30592028A3D68B003946DD /* Constants.swift in Sources */ = {isa = PBXBuildFile; fileRef = CA30591F28A3D68B003946DD /* Constants.swift */; };
		CA30592228A3D6E5003946DD /* ImageLoader.swift in Sources */ = {isa = PBXBuildFile; fileRef = CA30592128A3D6E5003946DD /* ImageLoader.swift */; };
		CA30592528A3D9A0003946DD /* URLImage.swift in Sources */ = {isa = PBXBuildFile; fileRef = CA30592428A3D9A0003946DD /* URLImage.swift */; };
		CA30592728A3DAD6003946DD /* Forecast.swift in Sources */ = {isa = PBXBuildFile; fileRef = CA30592628A3DAD6003946DD /* Forecast.swift */; };
		CA30592928A3DC5D003946DD /* WebService.swift in Sources */ = {isa = PBXBuildFile; fileRef = CA30592828A3DC5D003946DD /* WebService.swift */; };
		CA30592B28A3E585003946DD /* URL+Extensions.swift in Sources */ = {isa = PBXBuildFile; fileRef = CA30592A28A3E585003946DD /* URL+Extensions.swift */; };
		CA30592D28A3E693003946DD /* ForecastListViewModel.swift in Sources */ = {isa = PBXBuildFile; fileRef = CA30592C28A3E693003946DD /* ForecastListViewModel.swift */; };
		CA30593128A3EF4E003946DD /* ForecastViewModel.swift in Sources */ = {isa = PBXBuildFile; fileRef = CA30593028A3EF4E003946DD /* ForecastViewModel.swift */; };
		CA30593328A3FA9B003946DD /* ForecastScreen.swift in Sources */ = {isa = PBXBuildFile; fileRef = CA30593228A3FA9B003946DD /* ForecastScreen.swift */; };
		CA30593828A4D4BF003946DD /* FailedView.swift in Sources */ = {isa = PBXBuildFile; fileRef = CA30593628A4D4BF003946DD /* FailedView.swift */; };
		CA30593928A4D4BF003946DD /* LoadingView.swift in Sources */ = {isa = PBXBuildFile; fileRef = CA30593728A4D4BF003946DD /* LoadingView.swift */; };
		CA30593B28A4D5AF003946DD /* ForecastListView.swift in Sources */ = {isa = PBXBuildFile; fileRef = CA30593A28A4D5AF003946DD /* ForecastListView.swift */; };
		CA30593D28A4D749003946DD /* Date+Extensions.swift in Sources */ = {isa = PBXBuildFile; fileRef = CA30593C28A4D749003946DD /* Date+Extensions.swift */; };
		CA30594528A4EE60003946DD /* String+Extensions.swift in Sources */ = {isa = PBXBuildFile; fileRef = CA30594428A4EE60003946DD /* String+Extensions.swift */; };
		CA30594928A569B4003946DD /* NavigationBarView.swift in Sources */ = {isa = PBXBuildFile; fileRef = CA30594828A569B4003946DD /* NavigationBarView.swift */; };
		CA30594B28A56A73003946DD /* FooterView.swift in Sources */ = {isa = PBXBuildFile; fileRef = CA30594A28A56A72003946DD /* FooterView.swift */; };
		CA8E6FFB28AA9431002F3BAC /* Model.xcdatamodeld in Sources */ = {isa = PBXBuildFile; fileRef = CA8E6FF928AA9431002F3BAC /* Model.xcdatamodeld */; };
		CA96CB9428CB113400AFC513 /* WelcomeScreen.swift in Sources */ = {isa = PBXBuildFile; fileRef = CA96CB9328CB113400AFC513 /* WelcomeScreen.swift */; };
		CA96CB9828CB2A6600AFC513 /* ModelData.swift in Sources */ = {isa = PBXBuildFile; fileRef = CA96CB9728CB2A6600AFC513 /* ModelData.swift */; };
		CA96CB9C28CB2B7E00AFC513 /* forecastData.json in Resources */ = {isa = PBXBuildFile; fileRef = CA96CB9B28CB2B7E00AFC513 /* forecastData.json */; };
		CA96CB9E28CB2E1C00AFC513 /* CurrentWeatherView.swift in Sources */ = {isa = PBXBuildFile; fileRef = CA96CB9D28CB2E1C00AFC513 /* CurrentWeatherView.swift */; };
		CA96CBA028CB322700AFC513 /* LocationViewModel.swift in Sources */ = {isa = PBXBuildFile; fileRef = CA96CB9F28CB322700AFC513 /* LocationViewModel.swift */; };
		CA96CBA228CB3F6500AFC513 /* ContentView.swift in Sources */ = {isa = PBXBuildFile; fileRef = CA96CBA128CB3F6500AFC513 /* ContentView.swift */; };
		CABE076E28AB217F00C82596 /* UserDefaults+Extensions.swift in Sources */ = {isa = PBXBuildFile; fileRef = CABE076D28AB217F00C82596 /* UserDefaults+Extensions.swift */; };
		CABE077228AB223400C82596 /* Store.swift in Sources */ = {isa = PBXBuildFile; fileRef = CABE077128AB223400C82596 /* Store.swift */; };
		CABE077628ACC04200C82596 /* SettingsScreen.swift in Sources */ = {isa = PBXBuildFile; fileRef = CABE077528ACC04200C82596 /* SettingsScreen.swift */; };
		CABE077828AD26E800C82596 /* AddCityViewModel.swift in Sources */ = {isa = PBXBuildFile; fileRef = CABE077728AD26E800C82596 /* AddCityViewModel.swift */; };
		CAC1C01728D2E05E00F5D859 /* WeatherRow.swift in Sources */ = {isa = PBXBuildFile; fileRef = CAC1C01628D2E05E00F5D859 /* WeatherRow.swift */; };
		CAC1C01D28D3304400F5D859 /* AddCityScreen.swift in Sources */ = {isa = PBXBuildFile; fileRef = CAC1C01C28D3304400F5D859 /* AddCityScreen.swift */; };
		CAC1C01F28D3305400F5D859 /* WeatherListScreen.swift in Sources */ = {isa = PBXBuildFile; fileRef = CAC1C01E28D3305400F5D859 /* WeatherListScreen.swift */; };
		CAC1C02128D3308900F5D859 /* View+Extensions.swift in Sources */ = {isa = PBXBuildFile; fileRef = CAC1C02028D3308900F5D859 /* View+Extensions.swift */; };
		CAC5E4B628AA8A3B00524EA0 /* FavoriteListScreen.swift in Sources */ = {isa = PBXBuildFile; fileRef = CAC5E4B528AA8A3B00524EA0 /* FavoriteListScreen.swift */; };
/* End PBXBuildFile section */

/* Begin PBXFileReference section */
		CA06EF2928D86B1800F58406 /* CurrentWeatherList.swift */ = {isa = PBXFileReference; lastKnownFileType = sourcecode.swift; path = CurrentWeatherList.swift; sourceTree = "<group>"; };
		CA06EF4A28D9C70500F58406 /* WeatherDay.swift */ = {isa = PBXFileReference; lastKnownFileType = sourcecode.swift; path = WeatherDay.swift; sourceTree = "<group>"; };
		CA30590428A3D5DF003946DD /* myWeather.app */ = {isa = PBXFileReference; explicitFileType = wrapper.application; includeInIndex = 0; path = myWeather.app; sourceTree = BUILT_PRODUCTS_DIR; };
		CA30590728A3D5DF003946DD /* myWeatherApp.swift */ = {isa = PBXFileReference; lastKnownFileType = sourcecode.swift; path = myWeatherApp.swift; sourceTree = "<group>"; };
		CA30590B28A3D5E6003946DD /* Assets.xcassets */ = {isa = PBXFileReference; lastKnownFileType = folder.assetcatalog; path = Assets.xcassets; sourceTree = "<group>"; };
		CA30590E28A3D5E6003946DD /* Preview Assets.xcassets */ = {isa = PBXFileReference; lastKnownFileType = folder.assetcatalog; path = "Preview Assets.xcassets"; sourceTree = "<group>"; };
		CA30591F28A3D68B003946DD /* Constants.swift */ = {isa = PBXFileReference; lastKnownFileType = sourcecode.swift; path = Constants.swift; sourceTree = "<group>"; };
		CA30592128A3D6E5003946DD /* ImageLoader.swift */ = {isa = PBXFileReference; fileEncoding = 4; lastKnownFileType = sourcecode.swift; path = ImageLoader.swift; sourceTree = "<group>"; };
		CA30592328A3D8CE003946DD /* Info.plist */ = {isa = PBXFileReference; lastKnownFileType = text.plist.xml; path = Info.plist; sourceTree = "<group>"; };
		CA30592428A3D9A0003946DD /* URLImage.swift */ = {isa = PBXFileReference; fileEncoding = 4; lastKnownFileType = sourcecode.swift; path = URLImage.swift; sourceTree = "<group>"; };
		CA30592628A3DAD6003946DD /* Forecast.swift */ = {isa = PBXFileReference; lastKnownFileType = sourcecode.swift; path = Forecast.swift; sourceTree = "<group>"; };
		CA30592828A3DC5D003946DD /* WebService.swift */ = {isa = PBXFileReference; lastKnownFileType = sourcecode.swift; path = WebService.swift; sourceTree = "<group>"; };
		CA30592A28A3E585003946DD /* URL+Extensions.swift */ = {isa = PBXFileReference; lastKnownFileType = sourcecode.swift; path = "URL+Extensions.swift"; sourceTree = "<group>"; };
		CA30592C28A3E693003946DD /* ForecastListViewModel.swift */ = {isa = PBXFileReference; lastKnownFileType = sourcecode.swift; path = ForecastListViewModel.swift; sourceTree = "<group>"; };
		CA30593028A3EF4E003946DD /* ForecastViewModel.swift */ = {isa = PBXFileReference; lastKnownFileType = sourcecode.swift; path = ForecastViewModel.swift; sourceTree = "<group>"; };
		CA30593228A3FA9B003946DD /* ForecastScreen.swift */ = {isa = PBXFileReference; lastKnownFileType = sourcecode.swift; path = ForecastScreen.swift; sourceTree = "<group>"; };
		CA30593628A4D4BF003946DD /* FailedView.swift */ = {isa = PBXFileReference; fileEncoding = 4; lastKnownFileType = sourcecode.swift; path = FailedView.swift; sourceTree = "<group>"; };
		CA30593728A4D4BF003946DD /* LoadingView.swift */ = {isa = PBXFileReference; fileEncoding = 4; lastKnownFileType = sourcecode.swift; path = LoadingView.swift; sourceTree = "<group>"; };
		CA30593A28A4D5AF003946DD /* ForecastListView.swift */ = {isa = PBXFileReference; lastKnownFileType = sourcecode.swift; path = ForecastListView.swift; sourceTree = "<group>"; };
		CA30593C28A4D749003946DD /* Date+Extensions.swift */ = {isa = PBXFileReference; fileEncoding = 4; lastKnownFileType = sourcecode.swift; path = "Date+Extensions.swift"; sourceTree = "<group>"; };
		CA30594428A4EE60003946DD /* String+Extensions.swift */ = {isa = PBXFileReference; fileEncoding = 4; lastKnownFileType = sourcecode.swift; path = "String+Extensions.swift"; sourceTree = "<group>"; };
		CA30594828A569B4003946DD /* NavigationBarView.swift */ = {isa = PBXFileReference; fileEncoding = 4; lastKnownFileType = sourcecode.swift; path = NavigationBarView.swift; sourceTree = "<group>"; };
		CA30594A28A56A72003946DD /* FooterView.swift */ = {isa = PBXFileReference; lastKnownFileType = sourcecode.swift; path = FooterView.swift; sourceTree = "<group>"; };
		CA8E6FFA28AA9431002F3BAC /* Model.xcdatamodel */ = {isa = PBXFileReference; lastKnownFileType = wrapper.xcdatamodel; path = Model.xcdatamodel; sourceTree = "<group>"; };
		CA96CB9328CB113400AFC513 /* WelcomeScreen.swift */ = {isa = PBXFileReference; lastKnownFileType = sourcecode.swift; path = WelcomeScreen.swift; sourceTree = "<group>"; };
		CA96CB9728CB2A6600AFC513 /* ModelData.swift */ = {isa = PBXFileReference; lastKnownFileType = sourcecode.swift; path = ModelData.swift; sourceTree = "<group>"; };
		CA96CB9B28CB2B7E00AFC513 /* forecastData.json */ = {isa = PBXFileReference; lastKnownFileType = text.json; path = forecastData.json; sourceTree = "<group>"; };
		CA96CB9D28CB2E1C00AFC513 /* CurrentWeatherView.swift */ = {isa = PBXFileReference; lastKnownFileType = sourcecode.swift; path = CurrentWeatherView.swift; sourceTree = "<group>"; };
		CA96CB9F28CB322700AFC513 /* LocationViewModel.swift */ = {isa = PBXFileReference; lastKnownFileType = sourcecode.swift; path = LocationViewModel.swift; sourceTree = "<group>"; };
		CA96CBA128CB3F6500AFC513 /* ContentView.swift */ = {isa = PBXFileReference; lastKnownFileType = sourcecode.swift; path = ContentView.swift; sourceTree = "<group>"; };
		CABE076D28AB217F00C82596 /* UserDefaults+Extensions.swift */ = {isa = PBXFileReference; lastKnownFileType = sourcecode.swift; path = "UserDefaults+Extensions.swift"; sourceTree = "<group>"; };
		CABE077128AB223400C82596 /* Store.swift */ = {isa = PBXFileReference; fileEncoding = 4; lastKnownFileType = sourcecode.swift; path = Store.swift; sourceTree = "<group>"; };
		CABE077528ACC04200C82596 /* SettingsScreen.swift */ = {isa = PBXFileReference; fileEncoding = 4; lastKnownFileType = sourcecode.swift; path = SettingsScreen.swift; sourceTree = "<group>"; };
		CABE077728AD26E800C82596 /* AddCityViewModel.swift */ = {isa = PBXFileReference; lastKnownFileType = sourcecode.swift; path = AddCityViewModel.swift; sourceTree = "<group>"; };
		CAC1C01628D2E05E00F5D859 /* WeatherRow.swift */ = {isa = PBXFileReference; fileEncoding = 4; lastKnownFileType = sourcecode.swift; path = WeatherRow.swift; sourceTree = "<group>"; };
		CAC1C01C28D3304400F5D859 /* AddCityScreen.swift */ = {isa = PBXFileReference; fileEncoding = 4; lastKnownFileType = sourcecode.swift; path = AddCityScreen.swift; sourceTree = "<group>"; };
		CAC1C01E28D3305400F5D859 /* WeatherListScreen.swift */ = {isa = PBXFileReference; fileEncoding = 4; lastKnownFileType = sourcecode.swift; path = WeatherListScreen.swift; sourceTree = "<group>"; };
		CAC1C02028D3308900F5D859 /* View+Extensions.swift */ = {isa = PBXFileReference; fileEncoding = 4; lastKnownFileType = sourcecode.swift; path = "View+Extensions.swift"; sourceTree = "<group>"; };
		CAC5E4B528AA8A3B00524EA0 /* FavoriteListScreen.swift */ = {isa = PBXFileReference; lastKnownFileType = sourcecode.swift; path = FavoriteListScreen.swift; sourceTree = "<group>"; };
/* End PBXFileReference section */

/* Begin PBXFrameworksBuildPhase section */
		CA30590128A3D5DF003946DD /* Frameworks */ = {
			isa = PBXFrameworksBuildPhase;
			buildActionMask = 2147483647;
			files = (
			);
			runOnlyForDeploymentPostprocessing = 0;
		};
/* End PBXFrameworksBuildPhase section */

/* Begin PBXGroup section */
		CA3058FB28A3D5DF003946DD = {
			isa = PBXGroup;
			children = (
				CA30590628A3D5DF003946DD /* myWeather */,
				CA30590528A3D5DF003946DD /* Products */,
			);
			sourceTree = "<group>";
		};
		CA30590528A3D5DF003946DD /* Products */ = {
			isa = PBXGroup;
			children = (
				CA30590428A3D5DF003946DD /* myWeather.app */,
			);
			name = Products;
			sourceTree = "<group>";
		};
		CA30590628A3D5DF003946DD /* myWeather */ = {
			isa = PBXGroup;
			children = (
				CA30590728A3D5DF003946DD /* myWeatherApp.swift */,
				CA7AD4A928AF1C5F006CADEC /* Glabol State */,
				CA30591528A3D5F9003946DD /* Utils */,
				CA30591628A3D602003946DD /* View Model */,
				CA30591728A3D60E003946DD /* Model */,
				CA30591D28A3D647003946DD /* Services */,
				CA30591C28A3D63B003946DD /* Loaders */,
				CA30591B28A3D632003946DD /* Controls */,
				CA30591A28A3D62A003946DD /* Extensions */,
				CA30591928A3D624003946DD /* Screens */,
				CA30591828A3D61A003946DD /* Views */,
				CA30590B28A3D5E6003946DD /* Assets.xcassets */,
				CA30592328A3D8CE003946DD /* Info.plist */,
				CA30590D28A3D5E6003946DD /* Preview Content */,
				CA8E6FF928AA9431002F3BAC /* Model.xcdatamodeld */,
			);
			path = myWeather;
			sourceTree = "<group>";
		};
		CA30590D28A3D5E6003946DD /* Preview Content */ = {
			isa = PBXGroup;
			children = (
				CA30590E28A3D5E6003946DD /* Preview Assets.xcassets */,
				CA96CB9728CB2A6600AFC513 /* ModelData.swift */,
				CA96CB9B28CB2B7E00AFC513 /* forecastData.json */,
			);
			path = "Preview Content";
			sourceTree = "<group>";
		};
		CA30591528A3D5F9003946DD /* Utils */ = {
			isa = PBXGroup;
			children = (
				CA30591F28A3D68B003946DD /* Constants.swift */,
			);
			path = Utils;
			sourceTree = "<group>";
		};
		CA30591628A3D602003946DD /* View Model */ = {
			isa = PBXGroup;
			children = (
				CA30592C28A3E693003946DD /* ForecastListViewModel.swift */,
				CA96CB9F28CB322700AFC513 /* LocationViewModel.swift */,
				CA30593028A3EF4E003946DD /* ForecastViewModel.swift */,
				CABE077728AD26E800C82596 /* AddCityViewModel.swift */,
			);
			path = "View Model";
			sourceTree = "<group>";
		};
		CA30591728A3D60E003946DD /* Model */ = {
			isa = PBXGroup;
			children = (
				CA30592628A3DAD6003946DD /* Forecast.swift */,
			);
			path = Model;
			sourceTree = "<group>";
		};
		CA30591828A3D61A003946DD /* Views */ = {
			isa = PBXGroup;
			children = (
				CA96CB9D28CB2E1C00AFC513 /* CurrentWeatherView.swift */,
				CA06EF2928D86B1800F58406 /* CurrentWeatherList.swift */,
				CA30593A28A4D5AF003946DD /* ForecastListView.swift */,
				CAC1C01C28D3304400F5D859 /* AddCityScreen.swift */,
				CAC1C01628D2E05E00F5D859 /* WeatherRow.swift */,
				CA06EF4A28D9C70500F58406 /* WeatherDay.swift */,
				CABE077528ACC04200C82596 /* SettingsScreen.swift */,
				CA30593628A4D4BF003946DD /* FailedView.swift */,
				CA30593728A4D4BF003946DD /* LoadingView.swift */,
				CA30594828A569B4003946DD /* NavigationBarView.swift */,
				CA30594A28A56A72003946DD /* FooterView.swift */,
			);
			path = Views;
			sourceTree = "<group>";
		};
		CA30591928A3D624003946DD /* Screens */ = {
			isa = PBXGroup;
			children = (
				CA96CB9328CB113400AFC513 /* WelcomeScreen.swift */,
				CA96CBA128CB3F6500AFC513 /* ContentView.swift */,
				CAC5E4B528AA8A3B00524EA0 /* FavoriteListScreen.swift */,
				CA30593228A3FA9B003946DD /* ForecastScreen.swift */,
				CAC1C01E28D3305400F5D859 /* WeatherListScreen.swift */,
			);
			path = Screens;
			sourceTree = "<group>";
		};
		CA30591A28A3D62A003946DD /* Extensions */ = {
			isa = PBXGroup;
			children = (
				CAC1C02028D3308900F5D859 /* View+Extensions.swift */,
				CA30592A28A3E585003946DD /* URL+Extensions.swift */,
				CA30593C28A4D749003946DD /* Date+Extensions.swift */,
				CA30594428A4EE60003946DD /* String+Extensions.swift */,
				CABE076D28AB217F00C82596 /* UserDefaults+Extensions.swift */,
			);
			path = Extensions;
			sourceTree = "<group>";
		};
		CA30591B28A3D632003946DD /* Controls */ = {
			isa = PBXGroup;
			children = (
				CA30592428A3D9A0003946DD /* URLImage.swift */,
			);
			path = Controls;
			sourceTree = "<group>";
		};
		CA30591C28A3D63B003946DD /* Loaders */ = {
			isa = PBXGroup;
			children = (
				CA30592128A3D6E5003946DD /* ImageLoader.swift */,
			);
			path = Loaders;
			sourceTree = "<group>";
		};
		CA30591D28A3D647003946DD /* Services */ = {
			isa = PBXGroup;
			children = (
				CA30592828A3DC5D003946DD /* WebService.swift */,
			);
			path = Services;
			sourceTree = "<group>";
		};
		CA7AD4A928AF1C5F006CADEC /* Glabol State */ = {
			isa = PBXGroup;
			children = (
				CABE077128AB223400C82596 /* Store.swift */,
			);
			path = "Glabol State";
			sourceTree = "<group>";
		};
/* End PBXGroup section */

/* Begin PBXNativeTarget section */
		CA30590328A3D5DF003946DD /* myWeather */ = {
			isa = PBXNativeTarget;
			buildConfigurationList = CA30591228A3D5E6003946DD /* Build configuration list for PBXNativeTarget "myWeather" */;
			buildPhases = (
				CA30590028A3D5DF003946DD /* Sources */,
				CA30590128A3D5DF003946DD /* Frameworks */,
				CA30590228A3D5DF003946DD /* Resources */,
			);
			buildRules = (
			);
			dependencies = (
			);
			name = myWeather;
			productName = myWeather;
			productReference = CA30590428A3D5DF003946DD /* myWeather.app */;
			productType = "com.apple.product-type.application";
		};
/* End PBXNativeTarget section */

/* Begin PBXProject section */
		CA3058FC28A3D5DF003946DD /* Project object */ = {
			isa = PBXProject;
			attributes = {
				BuildIndependentTargetsInParallel = 1;
				LastSwiftUpdateCheck = 1340;
				LastUpgradeCheck = 1340;
				TargetAttributes = {
					CA30590328A3D5DF003946DD = {
						CreatedOnToolsVersion = 13.4.1;
					};
				};
			};
			buildConfigurationList = CA3058FF28A3D5DF003946DD /* Build configuration list for PBXProject "myWeather" */;
			compatibilityVersion = "Xcode 13.0";
			developmentRegion = en;
			hasScannedForEncodings = 0;
			knownRegions = (
				en,
				Base,
			);
			mainGroup = CA3058FB28A3D5DF003946DD;
			productRefGroup = CA30590528A3D5DF003946DD /* Products */;
			projectDirPath = "";
			projectRoot = "";
			targets = (
				CA30590328A3D5DF003946DD /* myWeather */,
			);
		};
/* End PBXProject section */

/* Begin PBXResourcesBuildPhase section */
		CA30590228A3D5DF003946DD /* Resources */ = {
			isa = PBXResourcesBuildPhase;
			buildActionMask = 2147483647;
			files = (
				CA30590F28A3D5E6003946DD /* Preview Assets.xcassets in Resources */,
				CA30590C28A3D5E6003946DD /* Assets.xcassets in Resources */,
				CA96CB9C28CB2B7E00AFC513 /* forecastData.json in Resources */,
			);
			runOnlyForDeploymentPostprocessing = 0;
		};
/* End PBXResourcesBuildPhase section */

/* Begin PBXSourcesBuildPhase section */
		CA30590028A3D5DF003946DD /* Sources */ = {
			isa = PBXSourcesBuildPhase;
			buildActionMask = 2147483647;
			files = (
				CAC5E4B628AA8A3B00524EA0 /* FavoriteListScreen.swift in Sources */,
				CA06EF4B28D9C70500F58406 /* WeatherDay.swift in Sources */,
				CABE076E28AB217F00C82596 /* UserDefaults+Extensions.swift in Sources */,
				CA96CB9828CB2A6600AFC513 /* ModelData.swift in Sources */,
				CABE077828AD26E800C82596 /* AddCityViewModel.swift in Sources */,
				CA30590828A3D5DF003946DD /* myWeatherApp.swift in Sources */,
				CA30592928A3DC5D003946DD /* WebService.swift in Sources */,
				CAC1C02128D3308900F5D859 /* View+Extensions.swift in Sources */,
				CA30592228A3D6E5003946DD /* ImageLoader.swift in Sources */,
				CA30594928A569B4003946DD /* NavigationBarView.swift in Sources */,
				CA30592528A3D9A0003946DD /* URLImage.swift in Sources */,
				CA8E6FFB28AA9431002F3BAC /* Model.xcdatamodeld in Sources */,
				CA30593328A3FA9B003946DD /* ForecastScreen.swift in Sources */,
				CA30593128A3EF4E003946DD /* ForecastViewModel.swift in Sources */,
				CAC1C01D28D3304400F5D859 /* AddCityScreen.swift in Sources */,
				CA96CBA028CB322700AFC513 /* LocationViewModel.swift in Sources */,
				CAC1C01F28D3305400F5D859 /* WeatherListScreen.swift in Sources */,
				CA30593D28A4D749003946DD /* Date+Extensions.swift in Sources */,
				CA06EF2A28D86B1800F58406 /* CurrentWeatherList.swift in Sources */,
				CA30593928A4D4BF003946DD /* LoadingView.swift in Sources */,
				CA30592B28A3E585003946DD /* URL+Extensions.swift in Sources */,
				CA96CB9428CB113400AFC513 /* WelcomeScreen.swift in Sources */,
				CA30594528A4EE60003946DD /* String+Extensions.swift in Sources */,
				CA30592728A3DAD6003946DD /* Forecast.swift in Sources */,
				CA30594B28A56A73003946DD /* FooterView.swift in Sources */,
				CA30592028A3D68B003946DD /* Constants.swift in Sources */,
				CA30592D28A3E693003946DD /* ForecastListViewModel.swift in Sources */,
				CA30593828A4D4BF003946DD /* FailedView.swift in Sources */,
				CABE077228AB223400C82596 /* Store.swift in Sources */,
				CA96CB9E28CB2E1C00AFC513 /* CurrentWeatherView.swift in Sources */,
				CA96CBA228CB3F6500AFC513 /* ContentView.swift in Sources */,
				CABE077628ACC04200C82596 /* SettingsScreen.swift in Sources */,
				CA30593B28A4D5AF003946DD /* ForecastListView.swift in Sources */,
				CAC1C01728D2E05E00F5D859 /* WeatherRow.swift in Sources */,
			);
			runOnlyForDeploymentPostprocessing = 0;
		};
/* End PBXSourcesBuildPhase section */

/* Begin XCBuildConfiguration section */
		CA30591028A3D5E6003946DD /* Debug */ = {
			isa = XCBuildConfiguration;
			buildSettings = {
				ALWAYS_SEARCH_USER_PATHS = NO;
				CLANG_ANALYZER_NONNULL = YES;
				CLANG_ANALYZER_NUMBER_OBJECT_CONVERSION = YES_AGGRESSIVE;
				CLANG_CXX_LANGUAGE_STANDARD = "gnu++17";
				CLANG_ENABLE_MODULES = YES;
				CLANG_ENABLE_OBJC_ARC = YES;
				CLANG_ENABLE_OBJC_WEAK = YES;
				CLANG_WARN_BLOCK_CAPTURE_AUTORELEASING = YES;
				CLANG_WARN_BOOL_CONVERSION = YES;
				CLANG_WARN_COMMA = YES;
				CLANG_WARN_CONSTANT_CONVERSION = YES;
				CLANG_WARN_DEPRECATED_OBJC_IMPLEMENTATIONS = YES;
				CLANG_WARN_DIRECT_OBJC_ISA_USAGE = YES_ERROR;
				CLANG_WARN_DOCUMENTATION_COMMENTS = YES;
				CLANG_WARN_EMPTY_BODY = YES;
				CLANG_WARN_ENUM_CONVERSION = YES;
				CLANG_WARN_INFINITE_RECURSION = YES;
				CLANG_WARN_INT_CONVERSION = YES;
				CLANG_WARN_NON_LITERAL_NULL_CONVERSION = YES;
				CLANG_WARN_OBJC_IMPLICIT_RETAIN_SELF = YES;
				CLANG_WARN_OBJC_LITERAL_CONVERSION = YES;
				CLANG_WARN_OBJC_ROOT_CLASS = YES_ERROR;
				CLANG_WARN_QUOTED_INCLUDE_IN_FRAMEWORK_HEADER = YES;
				CLANG_WARN_RANGE_LOOP_ANALYSIS = YES;
				CLANG_WARN_STRICT_PROTOTYPES = YES;
				CLANG_WARN_SUSPICIOUS_MOVE = YES;
				CLANG_WARN_UNGUARDED_AVAILABILITY = YES_AGGRESSIVE;
				CLANG_WARN_UNREACHABLE_CODE = YES;
				CLANG_WARN__DUPLICATE_METHOD_MATCH = YES;
				COPY_PHASE_STRIP = NO;
				DEBUG_INFORMATION_FORMAT = dwarf;
				ENABLE_STRICT_OBJC_MSGSEND = YES;
				ENABLE_TESTABILITY = YES;
				GCC_C_LANGUAGE_STANDARD = gnu11;
				GCC_DYNAMIC_NO_PIC = NO;
				GCC_NO_COMMON_BLOCKS = YES;
				GCC_OPTIMIZATION_LEVEL = 0;
				GCC_PREPROCESSOR_DEFINITIONS = (
					"DEBUG=1",
					"$(inherited)",
				);
				GCC_WARN_64_TO_32_BIT_CONVERSION = YES;
				GCC_WARN_ABOUT_RETURN_TYPE = YES_ERROR;
				GCC_WARN_UNDECLARED_SELECTOR = YES;
				GCC_WARN_UNINITIALIZED_AUTOS = YES_AGGRESSIVE;
				GCC_WARN_UNUSED_FUNCTION = YES;
				GCC_WARN_UNUSED_VARIABLE = YES;
				IPHONEOS_DEPLOYMENT_TARGET = 15.5;
				MTL_ENABLE_DEBUG_INFO = INCLUDE_SOURCE;
				MTL_FAST_MATH = YES;
				ONLY_ACTIVE_ARCH = YES;
				SDKROOT = iphoneos;
				SWIFT_ACTIVE_COMPILATION_CONDITIONS = DEBUG;
				SWIFT_OPTIMIZATION_LEVEL = "-Onone";
			};
			name = Debug;
		};
		CA30591128A3D5E6003946DD /* Release */ = {
			isa = XCBuildConfiguration;
			buildSettings = {
				ALWAYS_SEARCH_USER_PATHS = NO;
				CLANG_ANALYZER_NONNULL = YES;
				CLANG_ANALYZER_NUMBER_OBJECT_CONVERSION = YES_AGGRESSIVE;
				CLANG_CXX_LANGUAGE_STANDARD = "gnu++17";
				CLANG_ENABLE_MODULES = YES;
				CLANG_ENABLE_OBJC_ARC = YES;
				CLANG_ENABLE_OBJC_WEAK = YES;
				CLANG_WARN_BLOCK_CAPTURE_AUTORELEASING = YES;
				CLANG_WARN_BOOL_CONVERSION = YES;
				CLANG_WARN_COMMA = YES;
				CLANG_WARN_CONSTANT_CONVERSION = YES;
				CLANG_WARN_DEPRECATED_OBJC_IMPLEMENTATIONS = YES;
				CLANG_WARN_DIRECT_OBJC_ISA_USAGE = YES_ERROR;
				CLANG_WARN_DOCUMENTATION_COMMENTS = YES;
				CLANG_WARN_EMPTY_BODY = YES;
				CLANG_WARN_ENUM_CONVERSION = YES;
				CLANG_WARN_INFINITE_RECURSION = YES;
				CLANG_WARN_INT_CONVERSION = YES;
				CLANG_WARN_NON_LITERAL_NULL_CONVERSION = YES;
				CLANG_WARN_OBJC_IMPLICIT_RETAIN_SELF = YES;
				CLANG_WARN_OBJC_LITERAL_CONVERSION = YES;
				CLANG_WARN_OBJC_ROOT_CLASS = YES_ERROR;
				CLANG_WARN_QUOTED_INCLUDE_IN_FRAMEWORK_HEADER = YES;
				CLANG_WARN_RANGE_LOOP_ANALYSIS = YES;
				CLANG_WARN_STRICT_PROTOTYPES = YES;
				CLANG_WARN_SUSPICIOUS_MOVE = YES;
				CLANG_WARN_UNGUARDED_AVAILABILITY = YES_AGGRESSIVE;
				CLANG_WARN_UNREACHABLE_CODE = YES;
				CLANG_WARN__DUPLICATE_METHOD_MATCH = YES;
				COPY_PHASE_STRIP = NO;
				DEBUG_INFORMATION_FORMAT = "dwarf-with-dsym";
				ENABLE_NS_ASSERTIONS = NO;
				ENABLE_STRICT_OBJC_MSGSEND = YES;
				GCC_C_LANGUAGE_STANDARD = gnu11;
				GCC_NO_COMMON_BLOCKS = YES;
				GCC_WARN_64_TO_32_BIT_CONVERSION = YES;
				GCC_WARN_ABOUT_RETURN_TYPE = YES_ERROR;
				GCC_WARN_UNDECLARED_SELECTOR = YES;
				GCC_WARN_UNINITIALIZED_AUTOS = YES_AGGRESSIVE;
				GCC_WARN_UNUSED_FUNCTION = YES;
				GCC_WARN_UNUSED_VARIABLE = YES;
				IPHONEOS_DEPLOYMENT_TARGET = 15.5;
				MTL_ENABLE_DEBUG_INFO = NO;
				MTL_FAST_MATH = YES;
				SDKROOT = iphoneos;
				SWIFT_COMPILATION_MODE = wholemodule;
				SWIFT_OPTIMIZATION_LEVEL = "-O";
				VALIDATE_PRODUCT = YES;
			};
			name = Release;
		};
		CA30591328A3D5E6003946DD /* Debug */ = {
			isa = XCBuildConfiguration;
			buildSettings = {
				ASSETCATALOG_COMPILER_APPICON_NAME = AppIcon;
				ASSETCATALOG_COMPILER_GLOBAL_ACCENT_COLOR_NAME = AccentColor;
				CODE_SIGN_STYLE = Automatic;
				CURRENT_PROJECT_VERSION = 1;
				DEVELOPMENT_ASSET_PATHS = "\"myWeather/Preview Content\"";
				ENABLE_PREVIEWS = YES;
				GENERATE_INFOPLIST_FILE = YES;
				INFOPLIST_FILE = myWeather/Info.plist;
				INFOPLIST_KEY_NSLocationAlwaysAndWhenInUseUsageDescription = "";
				INFOPLIST_KEY_NSLocationWhenInUseUsageDescription = "This app requires your location to provide weather data.";
				INFOPLIST_KEY_UIApplicationSceneManifest_Generation = YES;
				INFOPLIST_KEY_UIApplicationSupportsIndirectInputEvents = YES;
				INFOPLIST_KEY_UISupportedInterfaceOrientations = UIInterfaceOrientationPortrait;
				INFOPLIST_KEY_UISupportedInterfaceOrientations_iPad = "UIInterfaceOrientationPortrait UIInterfaceOrientationPortraitUpsideDown UIInterfaceOrientationLandscapeLeft UIInterfaceOrientationLandscapeRight";
				INFOPLIST_KEY_UISupportedInterfaceOrientations_iPhone = "UIInterfaceOrientationPortrait UIInterfaceOrientationLandscapeLeft UIInterfaceOrientationLandscapeRight";
				LD_RUNPATH_SEARCH_PATHS = (
					"$(inherited)",
					"@executable_path/Frameworks",
				);
				MARKETING_VERSION = 1.0;
				PRODUCT_BUNDLE_IDENTIFIER = com.efm.myWeather;
				PRODUCT_NAME = "$(TARGET_NAME)";
				SWIFT_EMIT_LOC_STRINGS = YES;
				SWIFT_VERSION = 5.0;
				TARGETED_DEVICE_FAMILY = "1,2";
			};
			name = Debug;
		};
		CA30591428A3D5E6003946DD /* Release */ = {
			isa = XCBuildConfiguration;
			buildSettings = {
				ASSETCATALOG_COMPILER_APPICON_NAME = AppIcon;
				ASSETCATALOG_COMPILER_GLOBAL_ACCENT_COLOR_NAME = AccentColor;
				CODE_SIGN_STYLE = Automatic;
				CURRENT_PROJECT_VERSION = 1;
				DEVELOPMENT_ASSET_PATHS = "\"myWeather/Preview Content\"";
				ENABLE_PREVIEWS = YES;
				GENERATE_INFOPLIST_FILE = YES;
				INFOPLIST_FILE = myWeather/Info.plist;
				INFOPLIST_KEY_NSLocationAlwaysAndWhenInUseUsageDescription = "";
				INFOPLIST_KEY_NSLocationWhenInUseUsageDescription = "This app requires your location to provide weather data.";
				INFOPLIST_KEY_UIApplicationSceneManifest_Generation = YES;
				INFOPLIST_KEY_UIApplicationSupportsIndirectInputEvents = YES;
				INFOPLIST_KEY_UISupportedInterfaceOrientations = UIInterfaceOrientationPortrait;
				INFOPLIST_KEY_UISupportedInterfaceOrientations_iPad = "UIInterfaceOrientationPortrait UIInterfaceOrientationPortraitUpsideDown UIInterfaceOrientationLandscapeLeft UIInterfaceOrientationLandscapeRight";
				INFOPLIST_KEY_UISupportedInterfaceOrientations_iPhone = "UIInterfaceOrientationPortrait UIInterfaceOrientationLandscapeLeft UIInterfaceOrientationLandscapeRight";
				LD_RUNPATH_SEARCH_PATHS = (
					"$(inherited)",
					"@executable_path/Frameworks",
				);
				MARKETING_VERSION = 1.0;
				PRODUCT_BUNDLE_IDENTIFIER = com.efm.myWeather;
				PRODUCT_NAME = "$(TARGET_NAME)";
				SWIFT_EMIT_LOC_STRINGS = YES;
				SWIFT_VERSION = 5.0;
				TARGETED_DEVICE_FAMILY = "1,2";
			};
			name = Release;
		};
/* End XCBuildConfiguration section */

/* Begin XCConfigurationList section */
		CA3058FF28A3D5DF003946DD /* Build configuration list for PBXProject "myWeather" */ = {
			isa = XCConfigurationList;
			buildConfigurations = (
				CA30591028A3D5E6003946DD /* Debug */,
				CA30591128A3D5E6003946DD /* Release */,
			);
			defaultConfigurationIsVisible = 0;
			defaultConfigurationName = Release;
		};
		CA30591228A3D5E6003946DD /* Build configuration list for PBXNativeTarget "myWeather" */ = {
			isa = XCConfigurationList;
			buildConfigurations = (
				CA30591328A3D5E6003946DD /* Debug */,
				CA30591428A3D5E6003946DD /* Release */,
			);
			defaultConfigurationIsVisible = 0;
			defaultConfigurationName = Release;
		};
/* End XCConfigurationList section */

/* Begin XCVersionGroup section */
		CA8E6FF928AA9431002F3BAC /* Model.xcdatamodeld */ = {
			isa = XCVersionGroup;
			children = (
				CA8E6FFA28AA9431002F3BAC /* Model.xcdatamodel */,
			);
			currentVersion = CA8E6FFA28AA9431002F3BAC /* Model.xcdatamodel */;
			path = Model.xcdatamodeld;
			sourceTree = "<group>";
			versionGroupType = wrapper.xcdatamodel;
		};
/* End XCVersionGroup section */
	};
	rootObject = CA3058FC28A3D5DF003946DD /* Project object */;
}
